
Microsoft Visual Studio Solution File, Format Version 12.00
# Visual Studio Version 17
VisualStudioVersion = 17.3.32611.2
MinimumVisualStudioVersion = 10.0.40219.1
Project("{8BC9CEB8-8B4A-11D0-8D11-00A0C91BC942}") = "main-app", "main-app\main-app.vcxproj", "{5289D045-E599-462B-8CDD-BB6D3C502EC2}"
EndProject
Global
	GlobalSection(SolutionConfigurationPlatforms) = preSolution
		Debug|x64 = Debug|x64
		Debug|x86 = Debug|x86
		Release|x64 = Release|x64
		Release|x86 = Release|x86
	EndGlobalSection
	GlobalSection(ProjectConfigurationPlatforms) = postSolution
		{5289D045-E599-462B-8CDD-BB6D3C502EC2}.Debug|x64.ActiveCfg = Debug|x64
		{5289D045-E599-462B-8CDD-BB6D3C502EC2}.Debug|x64.Build.0 = Debug|x64
		{5289D045-E599-462B-8CDD-BB6D3C502EC2}.Debug|x86.ActiveCfg = Debug|Win32
		{5289D045-E599-462B-8CDD-BB6D3C502EC2}.Debug|x86.Build.0 = Debug|Win32
		{5289D045-E599-462B-8CDD-BB6D3C502EC2}.Release|x64.ActiveCfg = Release|x64
		{5289D045-E599-462B-8CDD-BB6D3C502EC2}.Release|x64.Build.0 = Release|x64
		{5289D045-E599-462B-8CDD-BB6D3C502EC2}.Release|x86.ActiveCfg = Release|Win32
		{5289D045-E599-462B-8CDD-BB6D3C502EC2}.Release|x86.Build.0 = Release|Win32
	EndGlobalSection
	GlobalSection(SolutionProperties) = preSolution
		HideSolutionNode = FALSE
	EndGlobalSection
	GlobalSection(ExtensibilityGlobals) = postSolution
		SolutionGuid = {894CE580-3FD7-4020-B721-F45D48F892E5}
	EndGlobalSection
EndGlobal
